
Microsoft Visual Studio Solution File, Format Version 12.00
Project("{FAE04EC0-301F-11D3-BF4B-00C04F79EFBC}") = "VFK.Extensions.Authentication", "VFK.Extensions.Authentication\VFK.Extensions.Authentication.csproj", "{1CCC9515-8143-431F-ABD9-126C7ED34CAC}"
EndProject
Global
	GlobalSection(SolutionConfigurationPlatforms) = preSolution
		Debug|Any CPU = Debug|Any CPU
		Release|Any CPU = Release|Any CPU
	EndGlobalSection
	GlobalSection(ProjectConfigurationPlatforms) = postSolution
		{1CCC9515-8143-431F-ABD9-126C7ED34CAC}.Debug|Any CPU.ActiveCfg = Debug|Any CPU
		{1CCC9515-8143-431F-ABD9-126C7ED34CAC}.Debug|Any CPU.Build.0 = Debug|Any CPU
		{1CCC9515-8143-431F-ABD9-126C7ED34CAC}.Release|Any CPU.ActiveCfg = Release|Any CPU
		{1CCC9515-8143-431F-ABD9-126C7ED34CAC}.Release|Any CPU.Build.0 = Release|Any CPU
	EndGlobalSection
EndGlobal
